
Microsoft Visual Studio Solution File, Format Version 12.00
# Visual Studio Version 17
VisualStudioVersion = 17.9.34607.119
MinimumVisualStudioVersion = 10.0.40219.1
Project("{FAE04EC0-301F-11D3-BF4B-00C04F79EFBC}") = "TPMOD06_1302220093", "TPMOD06_1302220093.csproj", "{AD8C9F39-416E-4086-BD5A-2BAB86F2B87C}"
EndProject
Global
	GlobalSection(SolutionConfigurationPlatforms) = preSolution
		Debug|Any CPU = Debug|Any CPU
		Release|Any CPU = Release|Any CPU
	EndGlobalSection
	GlobalSection(ProjectConfigurationPlatforms) = postSolution
		{AD8C9F39-416E-4086-BD5A-2BAB86F2B87C}.Debug|Any CPU.ActiveCfg = Debug|Any CPU
		{AD8C9F39-416E-4086-BD5A-2BAB86F2B87C}.Debug|Any CPU.Build.0 = Debug|Any CPU
		{AD8C9F39-416E-4086-BD5A-2BAB86F2B87C}.Release|Any CPU.ActiveCfg = Release|Any CPU
		{AD8C9F39-416E-4086-BD5A-2BAB86F2B87C}.Release|Any CPU.Build.0 = Release|Any CPU
	EndGlobalSection
	GlobalSection(SolutionProperties) = preSolution
		HideSolutionNode = FALSE
	EndGlobalSection
	GlobalSection(ExtensibilityGlobals) = postSolution
		SolutionGuid = {2E975775-CA3B-4D67-8252-8F00ED29E425}
	EndGlobalSection
EndGlobal
